<?xml version="1.0" encoding="utf-8"?>
<Project ToolsVersion="4.0" xmlns="http://schemas.microsoft.com/developer/msbuild/2003">
  <ItemGroup>
    <Filter Include="Source Files">
      <UniqueIdentifier>{010ea781-79a9-41af-8563-4c171e8b8e23}</UniqueIdentifier>
      <Extensions>cpp;c;cxx;rc;def;r;odl;idl;hpj;bat</Extensions>
    </Filter>
    <Filter Include="Header Files">
      <UniqueIdentifier>{cf3f667f-3d4b-4a39-bb45-9feac2456c84}</UniqueIdentifier>
      <Extensions>h;hpp;hxx;hm;inl</Extensions>
    </Filter>
    <Filter Include="Resource Files">
      <UniqueIdentifier>{174d670f-552a-4f82-ad3f-d887f8d90779}</UniqueIdentifier>
      <Extensions>ico;cur;bmp;dlg;rc2;rct;bin;rgs;gif;jpg;jpeg;jpe</Extensions>
    </Filter>
  </ItemGroup>
  <ItemGroup>
    <ClCompile Include="FParser.cpp">
      <Filter>Source Files</Filter>
    </ClCompile>
    <ClCompile Include="GraphViewer.cpp">
      <Filter>Source Files</Filter>
    </ClCompile>
    <ClCompile Include="GraphViewerDoc.cpp">
      <Filter>Source Files</Filter>
    </ClCompile>
    <ClCompile Include="GraphViewerView.cpp">
      <Filter>Source Files</Filter>
    </ClCompile>
    <ClCompile Include="GridPropDlg.cpp">
      <Filter>Source Files</Filter>
    </ClCompile>
    <ClCompile Include="MainFrm.cpp">
      <Filter>Source Files</Filter>
    </ClCompile>
    <ClCompile Include="SaveDlg.cpp">
      <Filter>Source Files</Filter>
    </ClCompile>
    <ClCompile Include="StdAfx.cpp">
      <Filter>Source Files</Filter>
    </ClCompile>
  </ItemGroup>
  <ItemGroup>
    <ResourceCompile Include="GraphViewer.rc">
      <Filter>Source Files</Filter>
    </ResourceCompile>
  </ItemGroup>
  <ItemGroup>
    <ClInclude Include="FParser.h">
      <Filter>Header Files</Filter>
    </ClInclude>
    <ClInclude Include="GraphViewer.h">
      <Filter>Header Files</Filter>
    </ClInclude>
    <ClInclude Include="GraphViewerDoc.h">
      <Filter>Header Files</Filter>
    </ClInclude>
    <ClInclude Include="GraphViewerView.h">
      <Filter>Header Files</Filter>
    </ClInclude>
    <ClInclude Include="GridPropDlg.h">
      <Filter>Header Files</Filter>
    </ClInclude>
    <ClInclude Include="MainFrm.h">
      <Filter>Header Files</Filter>
    </ClInclude>
    <ClInclude Include="Resource.h">
      <Filter>Header Files</Filter>
    </ClInclude>
    <ClInclude Include="SaveDlg.h">
      <Filter>Header Files</Filter>
    </ClInclude>
    <ClInclude Include="StdAfx.h">
      <Filter>Header Files</Filter>
    </ClInclude>
  </ItemGroup>
  <ItemGroup>
    <Image Include="res\exitwin.ico">
      <Filter>Resource Files</Filter>
    </Image>
    <Image Include="res\fore.bmp">
      <Filter>Resource Files</Filter>
    </Image>
    <Image Include="res\GRAPH0APP.ICO">
      <Filter>Resource Files</Filter>
    </Image>
    <Image Include="res\GRAPHDOC.ICO">
      <Filter>Resource Files</Filter>
    </Image>
    <Image Include="res\GraphViewer.ico">
      <Filter>Resource Files</Filter>
    </Image>
    <Image Include="res\GraphViewerDoc.ico">
      <Filter>Resource Files</Filter>
    </Image>
    <Image Include="res\icon1.ico">
      <Filter>Resource Files</Filter>
    </Image>
    <Image Include="res\icon2.ico">
      <Filter>Resource Files</Filter>
    </Image>
    <Image Include="res\Prairie Wind.bmp">
      <Filter>Resource Files</Filter>
    </Image>
    <Image Include="res\Save.ico">
      <Filter>Resource Files</Filter>
    </Image>
    <Image Include="res\Toolbar.bmp">
      <Filter>Resource Files</Filter>
    </Image>
    <Image Include="res\zoomin.bmp">
      <Filter>Resource Files</Filter>
    </Image>
    <Image Include="res\zoomout.bmp">
      <Filter>Resource Files</Filter>
    </Image>
  </ItemGroup>
  <ItemGroup>
    <None Include="res\GraphViewer.rc2">
      <Filter>Resource Files</Filter>
    </None>
  </ItemGroup>
</Project>